
Microsoft Visual Studio Solution File, Format Version 12.00
# Visual Studio 15
VisualStudioVersion = 15.0.27703.2035
MinimumVisualStudioVersion = 10.0.40219.1
Project("{FAE04EC0-301F-11D3-BF4B-00C04F79EFBC}") = "ColorViewer", "ColorViewer\ColorViewer.csproj", "{EB6DDC74-896E-4BAE-9686-798B9A85DACC}"
EndProject
Global
	GlobalSection(SolutionConfigurationPlatforms) = preSolution
		Debug|Any CPU = Debug|Any CPU
		Debug|x86 = Debug|x86
		Release|Any CPU = Release|Any CPU
		Release|x86 = Release|x86
	EndGlobalSection
	GlobalSection(ProjectConfigurationPlatforms) = postSolution
		{EB6DDC74-896E-4BAE-9686-798B9A85DACC}.Debug|Any CPU.ActiveCfg = Debug|Any CPU
		{EB6DDC74-896E-4BAE-9686-798B9A85DACC}.Debug|Any CPU.Build.0 = Debug|Any CPU
		{EB6DDC74-896E-4BAE-9686-798B9A85DACC}.Debug|x86.ActiveCfg = Debug|x86
		{EB6DDC74-896E-4BAE-9686-798B9A85DACC}.Debug|x86.Build.0 = Debug|x86
		{EB6DDC74-896E-4BAE-9686-798B9A85DACC}.Release|Any CPU.ActiveCfg = Release|Any CPU
		{EB6DDC74-896E-4BAE-9686-798B9A85DACC}.Release|Any CPU.Build.0 = Release|Any CPU
		{EB6DDC74-896E-4BAE-9686-798B9A85DACC}.Release|x86.ActiveCfg = Release|x86
		{EB6DDC74-896E-4BAE-9686-798B9A85DACC}.Release|x86.Build.0 = Release|x86
	EndGlobalSection
	GlobalSection(SolutionProperties) = preSolution
		HideSolutionNode = FALSE
	EndGlobalSection
	GlobalSection(ExtensibilityGlobals) = postSolution
		SolutionGuid = {BAE0C19F-BBB5-45BE-9DA8-ED2B46260975}
	EndGlobalSection
EndGlobal
